// !$*UTF8*$!
{
	archiveVersion = 1;
	classes = {
	};
	objectVersion = 56;
	objects = {

/* Begin PBXBuildFile section */
		4733E2F02866EC8800F3B795 /* UI_595App.swift in Sources */ = {isa = PBXBuildFile; fileRef = 4733E2EF2866EC8800F3B795 /* UI_595App.swift */; };
		4733E2F22866EC8800F3B795 /* ContentView.swift in Sources */ = {isa = PBXBuildFile; fileRef = 4733E2F12866EC8800F3B795 /* ContentView.swift */; };
		4733E2F42866EC8A00F3B795 /* Assets.xcassets in Resources */ = {isa = PBXBuildFile; fileRef = 4733E2F32866EC8A00F3B795 /* Assets.xcassets */; };
		4733E2F72866EC8A00F3B795 /* Preview Assets.xcassets in Resources */ = {isa = PBXBuildFile; fileRef = 4733E2F62866EC8A00F3B795 /* Preview Assets.xcassets */; };
		4733E3012866EC8A00F3B795 /* UI_595Tests.swift in Sources */ = {isa = PBXBuildFile; fileRef = 4733E3002866EC8A00F3B795 /* UI_595Tests.swift */; };
		4733E30B2866EC8A00F3B795 /* UI_595UITests.swift in Sources */ = {isa = PBXBuildFile; fileRef = 4733E30A2866EC8A00F3B795 /* UI_595UITests.swift */; };
		4733E30D2866EC8A00F3B795 /* UI_595UITestsLaunchTests.swift in Sources */ = {isa = PBXBuildFile; fileRef = 4733E30C2866EC8A00F3B795 /* UI_595UITestsLaunchTests.swift */; };
		4733E31B2866EC9200F3B795 /* Home.swift in Sources */ = {isa = PBXBuildFile; fileRef = 4733E31A2866EC9200F3B795 /* Home.swift */; };
		4733E31F2866ECDD00F3B795 /* MediaFile.swift in Sources */ = {isa = PBXBuildFile; fileRef = 4733E31E2866ECDD00F3B795 /* MediaFile.swift */; };
		4733E3212866ED4A00F3B795 /* PhotosPickerModel.swift in Sources */ = {isa = PBXBuildFile; fileRef = 4733E3202866ED4A00F3B795 /* PhotosPickerModel.swift */; };
/* End PBXBuildFile section */

/* Begin PBXContainerItemProxy section */
		4733E2FD2866EC8A00F3B795 /* PBXContainerItemProxy */ = {
			isa = PBXContainerItemProxy;
			containerPortal = 4733E2E42866EC8800F3B795 /* Project object */;
			proxyType = 1;
			remoteGlobalIDString = 4733E2EB2866EC8800F3B795;
			remoteInfo = "UI-595";
		};
		4733E3072866EC8A00F3B795 /* PBXContainerItemProxy */ = {
			isa = PBXContainerItemProxy;
			containerPortal = 4733E2E42866EC8800F3B795 /* Project object */;
			proxyType = 1;
			remoteGlobalIDString = 4733E2EB2866EC8800F3B795;
			remoteInfo = "UI-595";
		};
/* End PBXContainerItemProxy section */

/* Begin PBXFileReference section */
		4733E2EC2866EC8800F3B795 /* UI-595.app */ = {isa = PBXFileReference; explicitFileType = wrapper.application; includeInIndex = 0; path = "UI-595.app"; sourceTree = BUILT_PRODUCTS_DIR; };
		4733E2EF2866EC8800F3B795 /* UI_595App.swift */ = {isa = PBXFileReference; lastKnownFileType = sourcecode.swift; path = UI_595App.swift; sourceTree = "<group>"; };
		4733E2F12866EC8800F3B795 /* ContentView.swift */ = {isa = PBXFileReference; lastKnownFileType = sourcecode.swift; path = ContentView.swift; sourceTree = "<group>"; };
		4733E2F32866EC8A00F3B795 /* Assets.xcassets */ = {isa = PBXFileReference; lastKnownFileType = folder.assetcatalog; path = Assets.xcassets; sourceTree = "<group>"; };
		4733E2F62866EC8A00F3B795 /* Preview Assets.xcassets */ = {isa = PBXFileReference; lastKnownFileType = folder.assetcatalog; path = "Preview Assets.xcassets"; sourceTree = "<group>"; };
		4733E2FC2866EC8A00F3B795 /* UI-595Tests.xctest */ = {isa = PBXFileReference; explicitFileType = wrapper.cfbundle; includeInIndex = 0; path = "UI-595Tests.xctest"; sourceTree = BUILT_PRODUCTS_DIR; };
		4733E3002866EC8A00F3B795 /* UI_595Tests.swift */ = {isa = PBXFileReference; lastKnownFileType = sourcecode.swift; path = UI_595Tests.swift; sourceTree = "<group>"; };
		4733E3062866EC8A00F3B795 /* UI-595UITests.xctest */ = {isa = PBXFileReference; explicitFileType = wrapper.cfbundle; includeInIndex = 0; path = "UI-595UITests.xctest"; sourceTree = BUILT_PRODUCTS_DIR; };
		4733E30A2866EC8A00F3B795 /* UI_595UITests.swift */ = {isa = PBXFileReference; lastKnownFileType = sourcecode.swift; path = UI_595UITests.swift; sourceTree = "<group>"; };
		4733E30C2866EC8A00F3B795 /* UI_595UITestsLaunchTests.swift */ = {isa = PBXFileReference; lastKnownFileType = sourcecode.swift; path = UI_595UITestsLaunchTests.swift; sourceTree = "<group>"; };
		4733E31A2866EC9200F3B795 /* Home.swift */ = {isa = PBXFileReference; lastKnownFileType = sourcecode.swift; path = Home.swift; sourceTree = "<group>"; };
		4733E31E2866ECDD00F3B795 /* MediaFile.swift */ = {isa = PBXFileReference; lastKnownFileType = sourcecode.swift; path = MediaFile.swift; sourceTree = "<group>"; };
		4733E3202866ED4A00F3B795 /* PhotosPickerModel.swift */ = {isa = PBXFileReference; lastKnownFileType = sourcecode.swift; path = PhotosPickerModel.swift; sourceTree = "<group>"; };
/* End PBXFileReference section */

/* Begin PBXFrameworksBuildPhase section */
		4733E2E92866EC8800F3B795 /* Frameworks */ = {
			isa = PBXFrameworksBuildPhase;
			buildActionMask = 2147483647;
			files = (
			);
			runOnlyForDeploymentPostprocessing = 0;
		};
		4733E2F92866EC8A00F3B795 /* Frameworks */ = {
			isa = PBXFrameworksBuildPhase;
			buildActionMask = 2147483647;
			files = (
			);
			runOnlyForDeploymentPostprocessing = 0;
		};
		4733E3032866EC8A00F3B795 /* Frameworks */ = {
			isa = PBXFrameworksBuildPhase;
			buildActionMask = 2147483647;
			files = (
			);
			runOnlyForDeploymentPostprocessing = 0;
		};
/* End PBXFrameworksBuildPhase section */

/* Begin PBXGroup section */
		4733E2E32866EC8800F3B795 = {
			isa = PBXGroup;
			children = (
				4733E2EE2866EC8800F3B795 /* UI-595 */,
				4733E2FF2866EC8A00F3B795 /* UI-595Tests */,
				4733E3092866EC8A00F3B795 /* UI-595UITests */,
				4733E2ED2866EC8800F3B795 /* Products */,
			);
			sourceTree = "<group>";
		};
		4733E2ED2866EC8800F3B795 /* Products */ = {
			isa = PBXGroup;
			children = (
				4733E2EC2866EC8800F3B795 /* UI-595.app */,
				4733E2FC2866EC8A00F3B795 /* UI-595Tests.xctest */,
				4733E3062866EC8A00F3B795 /* UI-595UITests.xctest */,
			);
			name = Products;
			sourceTree = "<group>";
		};
		4733E2EE2866EC8800F3B795 /* UI-595 */ = {
			isa = PBXGroup;
			children = (
				4733E31D2866EC9F00F3B795 /* ViewModel */,
				4733E31C2866EC9C00F3B795 /* Model */,
				4733E3192866EC8D00F3B795 /* View */,
				4733E2EF2866EC8800F3B795 /* UI_595App.swift */,
				4733E2F12866EC8800F3B795 /* ContentView.swift */,
				4733E2F32866EC8A00F3B795 /* Assets.xcassets */,
				4733E2F52866EC8A00F3B795 /* Preview Content */,
			);
			path = "UI-595";
			sourceTree = "<group>";
		};
		4733E2F52866EC8A00F3B795 /* Preview Content */ = {
			isa = PBXGroup;
			children = (
				4733E2F62866EC8A00F3B795 /* Preview Assets.xcassets */,
			);
			path = "Preview Content";
			sourceTree = "<group>";
		};
		4733E2FF2866EC8A00F3B795 /* UI-595Tests */ = {
			isa = PBXGroup;
			children = (
				4733E3002866EC8A00F3B795 /* UI_595Tests.swift */,
			);
			path = "UI-595Tests";
			sourceTree = "<group>";
		};
		4733E3092866EC8A00F3B795 /* UI-595UITests */ = {
			isa = PBXGroup;
			children = (
				4733E30A2866EC8A00F3B795 /* UI_595UITests.swift */,
				4733E30C2866EC8A00F3B795 /* UI_595UITestsLaunchTests.swift */,
			);
			path = "UI-595UITests";
			sourceTree = "<group>";
		};
		4733E3192866EC8D00F3B795 /* View */ = {
			isa = PBXGroup;
			children = (
				4733E31A2866EC9200F3B795 /* Home.swift */,
			);
			path = View;
			sourceTree = "<group>";
		};
		4733E31C2866EC9C00F3B795 /* Model */ = {
			isa = PBXGroup;
			children = (
				4733E31E2866ECDD00F3B795 /* MediaFile.swift */,
			);
			path = Model;
			sourceTree = "<group>";
		};
		4733E31D2866EC9F00F3B795 /* ViewModel */ = {
			isa = PBXGroup;
			children = (
				4733E3202866ED4A00F3B795 /* PhotosPickerModel.swift */,
			);
			path = ViewModel;
			sourceTree = "<group>";
		};
/* End PBXGroup section */

/* Begin PBXNativeTarget section */
		4733E2EB2866EC8800F3B795 /* UI-595 */ = {
			isa = PBXNativeTarget;
			buildConfigurationList = 4733E3102866EC8A00F3B795 /* Build configuration list for PBXNativeTarget "UI-595" */;
			buildPhases = (
				4733E2E82866EC8800F3B795 /* Sources */,
				4733E2E92866EC8800F3B795 /* Frameworks */,
				4733E2EA2866EC8800F3B795 /* Resources */,
			);
			buildRules = (
			);
			dependencies = (
			);
			name = "UI-595";
			productName = "UI-595";
			productReference = 4733E2EC2866EC8800F3B795 /* UI-595.app */;
			productType = "com.apple.product-type.application";
		};
		4733E2FB2866EC8A00F3B795 /* UI-595Tests */ = {
			isa = PBXNativeTarget;
			buildConfigurationList = 4733E3132866EC8A00F3B795 /* Build configuration list for PBXNativeTarget "UI-595Tests" */;
			buildPhases = (
				4733E2F82866EC8A00F3B795 /* Sources */,
				4733E2F92866EC8A00F3B795 /* Frameworks */,
				4733E2FA2866EC8A00F3B795 /* Resources */,
			);
			buildRules = (
			);
			dependencies = (
				4733E2FE2866EC8A00F3B795 /* PBXTargetDependency */,
			);
			name = "UI-595Tests";
			productName = "UI-595Tests";
			productReference = 4733E2FC2866EC8A00F3B795 /* UI-595Tests.xctest */;
			productType = "com.apple.product-type.bundle.unit-test";
		};
		4733E3052866EC8A00F3B795 /* UI-595UITests */ = {
			isa = PBXNativeTarget;
			buildConfigurationList = 4733E3162866EC8A00F3B795 /* Build configuration list for PBXNativeTarget "UI-595UITests" */;
			buildPhases = (
				4733E3022866EC8A00F3B795 /* Sources */,
				4733E3032866EC8A00F3B795 /* Frameworks */,
				4733E3042866EC8A00F3B795 /* Resources */,
			);
			buildRules = (
			);
			dependencies = (
				4733E3082866EC8A00F3B795 /* PBXTargetDependency */,
			);
			name = "UI-595UITests";
			productName = "UI-595UITests";
			productReference = 4733E3062866EC8A00F3B795 /* UI-595UITests.xctest */;
			productType = "com.apple.product-type.bundle.ui-testing";
		};
/* End PBXNativeTarget section */

/* Begin PBXProject section */
		4733E2E42866EC8800F3B795 /* Project object */ = {
			isa = PBXProject;
			attributes = {
				BuildIndependentTargetsInParallel = 1;
				LastSwiftUpdateCheck = 1400;
				LastUpgradeCheck = 1400;
				TargetAttributes = {
					4733E2EB2866EC8800F3B795 = {
						CreatedOnToolsVersion = 14.0;
					};
					4733E2FB2866EC8A00F3B795 = {
						CreatedOnToolsVersion = 14.0;
						TestTargetID = 4733E2EB2866EC8800F3B795;
					};
					4733E3052866EC8A00F3B795 = {
						CreatedOnToolsVersion = 14.0;
						TestTargetID = 4733E2EB2866EC8800F3B795;
					};
				};
			};
			buildConfigurationList = 4733E2E72866EC8800F3B795 /* Build configuration list for PBXProject "UI-595" */;
			compatibilityVersion = "Xcode 14.0";
			developmentRegion = en;
			hasScannedForEncodings = 0;
			knownRegions = (
				en,
				Base,
			);
			mainGroup = 4733E2E32866EC8800F3B795;
			productRefGroup = 4733E2ED2866EC8800F3B795 /* Products */;
			projectDirPath = "";
			projectRoot = "";
			targets = (
				4733E2EB2866EC8800F3B795 /* UI-595 */,
				4733E2FB2866EC8A00F3B795 /* UI-595Tests */,
				4733E3052866EC8A00F3B795 /* UI-595UITests */,
			);
		};
/* End PBXProject section */

/* Begin PBXResourcesBuildPhase section */
		4733E2EA2866EC8800F3B795 /* Resources */ = {
			isa = PBXResourcesBuildPhase;
			buildActionMask = 2147483647;
			files = (
				4733E2F72866EC8A00F3B795 /* Preview Assets.xcassets in Resources */,
				4733E2F42866EC8A00F3B795 /* Assets.xcassets in Resources */,
			);
			runOnlyForDeploymentPostprocessing = 0;
		};
		4733E2FA2866EC8A00F3B795 /* Resources */ = {
			isa = PBXResourcesBuildPhase;
			buildActionMask = 2147483647;
			files = (
			);
			runOnlyForDeploymentPostprocessing = 0;
		};
		4733E3042866EC8A00F3B795 /* Resources */ = {
			isa = PBXResourcesBuildPhase;
			buildActionMask = 2147483647;
			files = (
			);
			runOnlyForDeploymentPostprocessing = 0;
		};
/* End PBXResourcesBuildPhase section */

/* Begin PBXSourcesBuildPhase section */
		4733E2E82866EC8800F3B795 /* Sources */ = {
			isa = PBXSourcesBuildPhase;
			buildActionMask = 2147483647;
			files = (
				4733E2F22866EC8800F3B795 /* ContentView.swift in Sources */,
				4733E3212866ED4A00F3B795 /* PhotosPickerModel.swift in Sources */,
				4733E31B2866EC9200F3B795 /* Home.swift in Sources */,
				4733E31F2866ECDD00F3B795 /* MediaFile.swift in Sources */,
				4733E2F02866EC8800F3B795 /* UI_595App.swift in Sources */,
			);
			runOnlyForDeploymentPostprocessing = 0;
		};
		4733E2F82866EC8A00F3B795 /* Sources */ = {
			isa = PBXSourcesBuildPhase;
			buildActionMask = 2147483647;
			files = (
				4733E3012866EC8A00F3B795 /* UI_595Tests.swift in Sources */,
			);
			runOnlyForDeploymentPostprocessing = 0;
		};
		4733E3022866EC8A00F3B795 /* Sources */ = {
			isa = PBXSourcesBuildPhase;
			buildActionMask = 2147483647;
			files = (
				4733E30D2866EC8A00F3B795 /* UI_595UITestsLaunchTests.swift in Sources */,
				4733E30B2866EC8A00F3B795 /* UI_595UITests.swift in Sources */,
			);
			runOnlyForDeploymentPostprocessing = 0;
		};
/* End PBXSourcesBuildPhase section */

/* Begin PBXTargetDependency section */
		4733E2FE2866EC8A00F3B795 /* PBXTargetDependency */ = {
			isa = PBXTargetDependency;
			target = 4733E2EB2866EC8800F3B795 /* UI-595 */;
			targetProxy = 4733E2FD2866EC8A00F3B795 /* PBXContainerItemProxy */;
		};
		4733E3082866EC8A00F3B795 /* PBXTargetDependency */ = {
			isa = PBXTargetDependency;
			target = 4733E2EB2866EC8800F3B795 /* UI-595 */;
			targetProxy = 4733E3072866EC8A00F3B795 /* PBXContainerItemProxy */;
		};
/* End PBXTargetDependency section */

/* Begin XCBuildConfiguration section */
		4733E30E2866EC8A00F3B795 /* Debug */ = {
			isa = XCBuildConfiguration;
			buildSettings = {
				ALWAYS_SEARCH_USER_PATHS = NO;
				CLANG_ANALYZER_NONNULL = YES;
				CLANG_ANALYZER_NUMBER_OBJECT_CONVERSION = YES_AGGRESSIVE;
				CLANG_CXX_LANGUAGE_STANDARD = "gnu++17";
				CLANG_ENABLE_MODULES = YES;
				CLANG_ENABLE_OBJC_ARC = YES;
				CLANG_ENABLE_OBJC_WEAK = YES;
				CLANG_WARN_BLOCK_CAPTURE_AUTORELEASING = YES;
				CLANG_WARN_BOOL_CONVERSION = YES;
				CLANG_WARN_COMMA = YES;
				CLANG_WARN_CONSTANT_CONVERSION = YES;
				CLANG_WARN_DEPRECATED_OBJC_IMPLEMENTATIONS = YES;
				CLANG_WARN_DIRECT_OBJC_ISA_USAGE = YES_ERROR;
				CLANG_WARN_DOCUMENTATION_COMMENTS = YES;
				CLANG_WARN_EMPTY_BODY = YES;
				CLANG_WARN_ENUM_CONVERSION = YES;
				CLANG_WARN_INFINITE_RECURSION = YES;
				CLANG_WARN_INT_CONVERSION = YES;
				CLANG_WARN_NON_LITERAL_NULL_CONVERSION = YES;
				CLANG_WARN_OBJC_IMPLICIT_RETAIN_SELF = YES;
				CLANG_WARN_OBJC_LITERAL_CONVERSION = YES;
				CLANG_WARN_OBJC_ROOT_CLASS = YES_ERROR;
				CLANG_WARN_QUOTED_INCLUDE_IN_FRAMEWORK_HEADER = YES;
				CLANG_WARN_RANGE_LOOP_ANALYSIS = YES;
				CLANG_WARN_STRICT_PROTOTYPES = YES;
				CLANG_WARN_SUSPICIOUS_MOVE = YES;
				CLANG_WARN_UNGUARDED_AVAILABILITY = YES_AGGRESSIVE;
				CLANG_WARN_UNREACHABLE_CODE = YES;
				CLANG_WARN__DUPLICATE_METHOD_MATCH = YES;
				COPY_PHASE_STRIP = NO;
				DEBUG_INFORMATION_FORMAT = dwarf;
				ENABLE_STRICT_OBJC_MSGSEND = YES;
				ENABLE_TESTABILITY = YES;
				GCC_C_LANGUAGE_STANDARD = gnu11;
				GCC_DYNAMIC_NO_PIC = NO;
				GCC_NO_COMMON_BLOCKS = YES;
				GCC_OPTIMIZATION_LEVEL = 0;
				GCC_PREPROCESSOR_DEFINITIONS = (
					"DEBUG=1",
					"$(inherited)",
				);
				GCC_WARN_64_TO_32_BIT_CONVERSION = YES;
				GCC_WARN_ABOUT_RETURN_TYPE = YES_ERROR;
				GCC_WARN_UNDECLARED_SELECTOR = YES;
				GCC_WARN_UNINITIALIZED_AUTOS = YES_AGGRESSIVE;
				GCC_WARN_UNUSED_FUNCTION = YES;
				GCC_WARN_UNUSED_VARIABLE = YES;
				IPHONEOS_DEPLOYMENT_TARGET = 16.0;
				MTL_ENABLE_DEBUG_INFO = INCLUDE_SOURCE;
				MTL_FAST_MATH = YES;
				ONLY_ACTIVE_ARCH = YES;
				SDKROOT = iphoneos;
				SWIFT_ACTIVE_COMPILATION_CONDITIONS = DEBUG;
				SWIFT_OPTIMIZATION_LEVEL = "-Onone";
			};
			name = Debug;
		};
		4733E30F2866EC8A00F3B795 /* Release */ = {
			isa = XCBuildConfiguration;
			buildSettings = {
				ALWAYS_SEARCH_USER_PATHS = NO;
				CLANG_ANALYZER_NONNULL = YES;
				CLANG_ANALYZER_NUMBER_OBJECT_CONVERSION = YES_AGGRESSIVE;
				CLANG_CXX_LANGUAGE_STANDARD = "gnu++17";
				CLANG_ENABLE_MODULES = YES;
				CLANG_ENABLE_OBJC_ARC = YES;
				CLANG_ENABLE_OBJC_WEAK = YES;
				CLANG_WARN_BLOCK_CAPTURE_AUTORELEASING = YES;
				CLANG_WARN_BOOL_CONVERSION = YES;
				CLANG_WARN_COMMA = YES;
				CLANG_WARN_CONSTANT_CONVERSION = YES;
				CLANG_WARN_DEPRECATED_OBJC_IMPLEMENTATIONS = YES;
				CLANG_WARN_DIRECT_OBJC_ISA_USAGE = YES_ERROR;
				CLANG_WARN_DOCUMENTATION_COMMENTS = YES;
				CLANG_WARN_EMPTY_BODY = YES;
				CLANG_WARN_ENUM_CONVERSION = YES;
				CLANG_WARN_INFINITE_RECURSION = YES;
				CLANG_WARN_INT_CONVERSION = YES;
				CLANG_WARN_NON_LITERAL_NULL_CONVERSION = YES;
				CLANG_WARN_OBJC_IMPLICIT_RETAIN_SELF = YES;
				CLANG_WARN_OBJC_LITERAL_CONVERSION = YES;
				CLANG_WARN_OBJC_ROOT_CLASS = YES_ERROR;
				CLANG_WARN_QUOTED_INCLUDE_IN_FRAMEWORK_HEADER = YES;
				CLANG_WARN_RANGE_LOOP_ANALYSIS = YES;
				CLANG_WARN_STRICT_PROTOTYPES = YES;
				CLANG_WARN_SUSPICIOUS_MOVE = YES;
				CLANG_WARN_UNGUARDED_AVAILABILITY = YES_AGGRESSIVE;
				CLANG_WARN_UNREACHABLE_CODE = YES;
				CLANG_WARN__DUPLICATE_METHOD_MATCH = YES;
				COPY_PHASE_STRIP = NO;
				DEBUG_INFORMATION_FORMAT = "dwarf-with-dsym";
				ENABLE_NS_ASSERTIONS = NO;
				ENABLE_STRICT_OBJC_MSGSEND = YES;
				GCC_C_LANGUAGE_STANDARD = gnu11;
				GCC_NO_COMMON_BLOCKS = YES;
				GCC_WARN_64_TO_32_BIT_CONVERSION = YES;
				GCC_WARN_ABOUT_RETURN_TYPE = YES_ERROR;
				GCC_WARN_UNDECLARED_SELECTOR = YES;
				GCC_WARN_UNINITIALIZED_AUTOS = YES_AGGRESSIVE;
				GCC_WARN_UNUSED_FUNCTION = YES;
				GCC_WARN_UNUSED_VARIABLE = YES;
				IPHONEOS_DEPLOYMENT_TARGET = 16.0;
				MTL_ENABLE_DEBUG_INFO = NO;
				MTL_FAST_MATH = YES;
				SDKROOT = iphoneos;
				SWIFT_COMPILATION_MODE = wholemodule;
				SWIFT_OPTIMIZATION_LEVEL = "-O";
				VALIDATE_PRODUCT = YES;
			};
			name = Release;
		};
		4733E3112866EC8A00F3B795 /* Debug */ = {
			isa = XCBuildConfiguration;
			buildSettings = {
				ASSETCATALOG_COMPILER_APPICON_NAME = AppIcon;
				ASSETCATALOG_COMPILER_GLOBAL_ACCENT_COLOR_NAME = AccentColor;
				CODE_SIGN_STYLE = Automatic;
				CURRENT_PROJECT_VERSION = 1;
				DEVELOPMENT_ASSET_PATHS = "\"UI-595/Preview Content\"";
				DEVELOPMENT_TEAM = 8CL4U468K5;
				ENABLE_PREVIEWS = YES;
				GENERATE_INFOPLIST_FILE = YES;
				INFOPLIST_KEY_UIApplicationSceneManifest_Generation = YES;
				INFOPLIST_KEY_UIApplicationSupportsIndirectInputEvents = YES;
				INFOPLIST_KEY_UILaunchScreen_Generation = YES;
				INFOPLIST_KEY_UISupportedInterfaceOrientations_iPad = "UIInterfaceOrientationPortrait UIInterfaceOrientationPortraitUpsideDown UIInterfaceOrientationLandscapeLeft UIInterfaceOrientationLandscapeRight";
				INFOPLIST_KEY_UISupportedInterfaceOrientations_iPhone = "UIInterfaceOrientationPortrait UIInterfaceOrientationLandscapeLeft UIInterfaceOrientationLandscapeRight";
				LD_RUNPATH_SEARCH_PATHS = (
					"$(inherited)",
					"@executable_path/Frameworks",
				);
				MARKETING_VERSION = 1.0;
				PRODUCT_BUNDLE_IDENTIFIER = "com.585.UI-595";
				PRODUCT_NAME = "$(TARGET_NAME)";
				SWIFT_EMIT_LOC_STRINGS = YES;
				SWIFT_VERSION = 5.0;
				TARGETED_DEVICE_FAMILY = "1,2";
			};
			name = Debug;
		};
		4733E3122866EC8A00F3B795 /* Release */ = {
			isa = XCBuildConfiguration;
			buildSettings = {
				ASSETCATALOG_COMPILER_APPICON_NAME = AppIcon;
				ASSETCATALOG_COMPILER_GLOBAL_ACCENT_COLOR_NAME = AccentColor;
				CODE_SIGN_STYLE = Automatic;
				CURRENT_PROJECT_VERSION = 1;
				DEVELOPMENT_ASSET_PATHS = "\"UI-595/Preview Content\"";
				DEVELOPMENT_TEAM = 8CL4U468K5;
				ENABLE_PREVIEWS = YES;
				GENERATE_INFOPLIST_FILE = YES;
				INFOPLIST_KEY_UIApplicationSceneManifest_Generation = YES;
				INFOPLIST_KEY_UIApplicationSupportsIndirectInputEvents = YES;
				INFOPLIST_KEY_UILaunchScreen_Generation = YES;
				INFOPLIST_KEY_UISupportedInterfaceOrientations_iPad = "UIInterfaceOrientationPortrait UIInterfaceOrientationPortraitUpsideDown UIInterfaceOrientationLandscapeLeft UIInterfaceOrientationLandscapeRight";
				INFOPLIST_KEY_UISupportedInterfaceOrientations_iPhone = "UIInterfaceOrientationPortrait UIInterfaceOrientationLandscapeLeft UIInterfaceOrientationLandscapeRight";
				LD_RUNPATH_SEARCH_PATHS = (
					"$(inherited)",
					"@executable_path/Frameworks",
				);
				MARKETING_VERSION = 1.0;
				PRODUCT_BUNDLE_IDENTIFIER = "com.585.UI-595";
				PRODUCT_NAME = "$(TARGET_NAME)";
				SWIFT_EMIT_LOC_STRINGS = YES;
				SWIFT_VERSION = 5.0;
				TARGETED_DEVICE_FAMILY = "1,2";
			};
			name = Release;
		};
		4733E3142866EC8A00F3B795 /* Debug */ = {
			isa = XCBuildConfiguration;
			buildSettings = {
				ALWAYS_EMBED_SWIFT_STANDARD_LIBRARIES = YES;
				BUNDLE_LOADER = "$(TEST_HOST)";
				CODE_SIGN_STYLE = Automatic;
				CURRENT_PROJECT_VERSION = 1;
				DEVELOPMENT_TEAM = 8CL4U468K5;
				GENERATE_INFOPLIST_FILE = YES;
				IPHONEOS_DEPLOYMENT_TARGET = 16.0;
				MARKETING_VERSION = 1.0;
				PRODUCT_BUNDLE_IDENTIFIER = "com.585.UI-595Tests";
				PRODUCT_NAME = "$(TARGET_NAME)";
				SWIFT_EMIT_LOC_STRINGS = NO;
				SWIFT_VERSION = 5.0;
				TARGETED_DEVICE_FAMILY = "1,2";
				TEST_HOST = "$(BUILT_PRODUCTS_DIR)/UI-595.app/$(BUNDLE_EXECUTABLE_FOLDER_PATH)/UI-595";
			};
			name = Debug;
		};
		4733E3152866EC8A00F3B795 /* Release */ = {
			isa = XCBuildConfiguration;
			buildSettings = {
				ALWAYS_EMBED_SWIFT_STANDARD_LIBRARIES = YES;
				BUNDLE_LOADER = "$(TEST_HOST)";
				CODE_SIGN_STYLE = Automatic;
				CURRENT_PROJECT_VERSION = 1;
				DEVELOPMENT_TEAM = 8CL4U468K5;
				GENERATE_INFOPLIST_FILE = YES;
				IPHONEOS_DEPLOYMENT_TARGET = 16.0;
				MARKETING_VERSION = 1.0;
				PRODUCT_BUNDLE_IDENTIFIER = "com.585.UI-595Tests";
				PRODUCT_NAME = "$(TARGET_NAME)";
				SWIFT_EMIT_LOC_STRINGS = NO;
				SWIFT_VERSION = 5.0;
				TARGETED_DEVICE_FAMILY = "1,2";
				TEST_HOST = "$(BUILT_PRODUCTS_DIR)/UI-595.app/$(BUNDLE_EXECUTABLE_FOLDER_PATH)/UI-595";
			};
			name = Release;
		};
		4733E3172866EC8A00F3B795 /* Debug */ = {
			isa = XCBuildConfiguration;
			buildSettings = {
				ALWAYS_EMBED_SWIFT_STANDARD_LIBRARIES = YES;
				CODE_SIGN_STYLE = Automatic;
				CURRENT_PROJECT_VERSION = 1;
				DEVELOPMENT_TEAM = 8CL4U468K5;
				GENERATE_INFOPLIST_FILE = YES;
				MARKETING_VERSION = 1.0;
				PRODUCT_BUNDLE_IDENTIFIER = "com.585.UI-595UITests";
				PRODUCT_NAME = "$(TARGET_NAME)";
				SWIFT_EMIT_LOC_STRINGS = NO;
				SWIFT_VERSION = 5.0;
				TARGETED_DEVICE_FAMILY = "1,2";
				TEST_TARGET_NAME = "UI-595";
			};
			name = Debug;
		};
		4733E3182866EC8A00F3B795 /* Release */ = {
			isa = XCBuildConfiguration;
			buildSettings = {
				ALWAYS_EMBED_SWIFT_STANDARD_LIBRARIES = YES;
				CODE_SIGN_STYLE = Automatic;
				CURRENT_PROJECT_VERSION = 1;
				DEVELOPMENT_TEAM = 8CL4U468K5;
				GENERATE_INFOPLIST_FILE = YES;
				MARKETING_VERSION = 1.0;
				PRODUCT_BUNDLE_IDENTIFIER = "com.585.UI-595UITests";
				PRODUCT_NAME = "$(TARGET_NAME)";
				SWIFT_EMIT_LOC_STRINGS = NO;
				SWIFT_VERSION = 5.0;
				TARGETED_DEVICE_FAMILY = "1,2";
				TEST_TARGET_NAME = "UI-595";
			};
			name = Release;
		};
/* End XCBuildConfiguration section */

/* Begin XCConfigurationList section */
		4733E2E72866EC8800F3B795 /* Build configuration list for PBXProject "UI-595" */ = {
			isa = XCConfigurationList;
			buildConfigurations = (
				4733E30E2866EC8A00F3B795 /* Debug */,
				4733E30F2866EC8A00F3B795 /* Release */,
			);
			defaultConfigurationIsVisible = 0;
			defaultConfigurationName = Release;
		};
		4733E3102866EC8A00F3B795 /* Build configuration list for PBXNativeTarget "UI-595" */ = {
			isa = XCConfigurationList;
			buildConfigurations = (
				4733E3112866EC8A00F3B795 /* Debug */,
				4733E3122866EC8A00F3B795 /* Release */,
			);
			defaultConfigurationIsVisible = 0;
			defaultConfigurationName = Release;
		};
		4733E3132866EC8A00F3B795 /* Build configuration list for PBXNativeTarget "UI-595Tests" */ = {
			isa = XCConfigurationList;
			buildConfigurations = (
				4733E3142866EC8A00F3B795 /* Debug */,
				4733E3152866EC8A00F3B795 /* Release */,
			);
			defaultConfigurationIsVisible = 0;
			defaultConfigurationName = Release;
		};
		4733E3162866EC8A00F3B795 /* Build configuration list for PBXNativeTarget "UI-595UITests" */ = {
			isa = XCConfigurationList;
			buildConfigurations = (
				4733E3172866EC8A00F3B795 /* Debug */,
				4733E3182866EC8A00F3B795 /* Release */,
			);
			defaultConfigurationIsVisible = 0;
			defaultConfigurationName = Release;
		};
/* End XCConfigurationList section */
	};
	rootObject = 4733E2E42866EC8800F3B795 /* Project object */;
}
